
Microsoft Visual Studio Solution File, Format Version 12.00
# Visual Studio 15
VisualStudioVersion = 15.0.26124.0
MinimumVisualStudioVersion = 15.0.26124.0
Project("{FAE04EC0-301F-11D3-BF4B-00C04F79EFBC}") = "ProfilesApp", "ProfilesApp\ProfilesApp.csproj", "{EC22B556-6CCE-4E15-8BF1-B9D94AAD77A4}"
EndProject
Project("{FAE04EC0-301F-11D3-BF4B-00C04F79EFBC}") = "ProfilesAppTests", "ProfilesAppTests\ProfilesAppTests.csproj", "{FE80E888-5998-406E-A734-6C1BC2C979FC}"
EndProject
Global
	GlobalSection(SolutionConfigurationPlatforms) = preSolution
		Debug|Any CPU = Debug|Any CPU
		Debug|x64 = Debug|x64
		Debug|x86 = Debug|x86
		Release|Any CPU = Release|Any CPU
		Release|x64 = Release|x64
		Release|x86 = Release|x86
	EndGlobalSection
	GlobalSection(SolutionProperties) = preSolution
		HideSolutionNode = FALSE
	EndGlobalSection
	GlobalSection(ProjectConfigurationPlatforms) = postSolution
		{EC22B556-6CCE-4E15-8BF1-B9D94AAD77A4}.Debug|Any CPU.ActiveCfg = Debug|Any CPU
		{EC22B556-6CCE-4E15-8BF1-B9D94AAD77A4}.Debug|Any CPU.Build.0 = Debug|Any CPU
		{EC22B556-6CCE-4E15-8BF1-B9D94AAD77A4}.Debug|x64.ActiveCfg = Debug|Any CPU
		{EC22B556-6CCE-4E15-8BF1-B9D94AAD77A4}.Debug|x64.Build.0 = Debug|Any CPU
		{EC22B556-6CCE-4E15-8BF1-B9D94AAD77A4}.Debug|x86.ActiveCfg = Debug|Any CPU
		{EC22B556-6CCE-4E15-8BF1-B9D94AAD77A4}.Debug|x86.Build.0 = Debug|Any CPU
		{EC22B556-6CCE-4E15-8BF1-B9D94AAD77A4}.Release|Any CPU.ActiveCfg = Release|Any CPU
		{EC22B556-6CCE-4E15-8BF1-B9D94AAD77A4}.Release|Any CPU.Build.0 = Release|Any CPU
		{EC22B556-6CCE-4E15-8BF1-B9D94AAD77A4}.Release|x64.ActiveCfg = Release|Any CPU
		{EC22B556-6CCE-4E15-8BF1-B9D94AAD77A4}.Release|x64.Build.0 = Release|Any CPU
		{EC22B556-6CCE-4E15-8BF1-B9D94AAD77A4}.Release|x86.ActiveCfg = Release|Any CPU
		{EC22B556-6CCE-4E15-8BF1-B9D94AAD77A4}.Release|x86.Build.0 = Release|Any CPU
		{FE80E888-5998-406E-A734-6C1BC2C979FC}.Debug|Any CPU.ActiveCfg = Debug|Any CPU
		{FE80E888-5998-406E-A734-6C1BC2C979FC}.Debug|Any CPU.Build.0 = Debug|Any CPU
		{FE80E888-5998-406E-A734-6C1BC2C979FC}.Debug|x64.ActiveCfg = Debug|Any CPU
		{FE80E888-5998-406E-A734-6C1BC2C979FC}.Debug|x64.Build.0 = Debug|Any CPU
		{FE80E888-5998-406E-A734-6C1BC2C979FC}.Debug|x86.ActiveCfg = Debug|Any CPU
		{FE80E888-5998-406E-A734-6C1BC2C979FC}.Debug|x86.Build.0 = Debug|Any CPU
		{FE80E888-5998-406E-A734-6C1BC2C979FC}.Release|Any CPU.ActiveCfg = Release|Any CPU
		{FE80E888-5998-406E-A734-6C1BC2C979FC}.Release|Any CPU.Build.0 = Release|Any CPU
		{FE80E888-5998-406E-A734-6C1BC2C979FC}.Release|x64.ActiveCfg = Release|Any CPU
		{FE80E888-5998-406E-A734-6C1BC2C979FC}.Release|x64.Build.0 = Release|Any CPU
		{FE80E888-5998-406E-A734-6C1BC2C979FC}.Release|x86.ActiveCfg = Release|Any CPU
		{FE80E888-5998-406E-A734-6C1BC2C979FC}.Release|x86.Build.0 = Release|Any CPU
	EndGlobalSection
EndGlobal
